// !$*UTF8*$!
{
	archiveVersion = 1;
	classes = {
	};
	objectVersion = 56;
	objects = {

/* Begin PBXBuildFile section */
		03579FE22A82B60300035C5B /* Persistence.swift in Sources */ = {isa = PBXBuildFile; fileRef = 03579FDD2A82B60200035C5B /* Persistence.swift */; };
		03579FE32A82B60300035C5B /* Itribez_iOSApp.swift in Sources */ = {isa = PBXBuildFile; fileRef = 03579FDE2A82B60200035C5B /* Itribez_iOSApp.swift */; };
		03579FE92A82B7B500035C5B /* Itribez_iOS.xcdatamodeld in Sources */ = {isa = PBXBuildFile; fileRef = 03579FE72A82B7B500035C5B /* Itribez_iOS.xcdatamodeld */; };
		03579FF12A82BA2900035C5B /* Toast.swift in Sources */ = {isa = PBXBuildFile; fileRef = 03579FEB2A82BA2900035C5B /* Toast.swift */; };
		03579FF22A82BA2900035C5B /* Userdata.json in Resources */ = {isa = PBXBuildFile; fileRef = 03579FEC2A82BA2900035C5B /* Userdata.json */; };
		03579FF32A82BA2900035C5B /* String + Extension.swift in Sources */ = {isa = PBXBuildFile; fileRef = 03579FED2A82BA2900035C5B /* String + Extension.swift */; };
		03579FF42A82BA2900035C5B /* AsyncImage.swift in Sources */ = {isa = PBXBuildFile; fileRef = 03579FEE2A82BA2900035C5B /* AsyncImage.swift */; };
		03579FF52A82BA2900035C5B /* Feed.json in Resources */ = {isa = PBXBuildFile; fileRef = 03579FEF2A82BA2900035C5B /* Feed.json */; };
		03579FF62A82BA2900035C5B /* ThemeHelper.swift in Sources */ = {isa = PBXBuildFile; fileRef = 03579FF02A82BA2900035C5B /* ThemeHelper.swift */; };
		0357A0132A82BB1900035C5B /* SplashView.swift in Sources */ = {isa = PBXBuildFile; fileRef = 0357A0122A82BB1900035C5B /* SplashView.swift */; };
		0357A0182A82BBC700035C5B /* SDWebImage in Frameworks */ = {isa = PBXBuildFile; productRef = 0357A0172A82BBC700035C5B /* SDWebImage */; };
		0357A01B2A82BC1000035C5B /* SDWebImageSwiftUI in Frameworks */ = {isa = PBXBuildFile; productRef = 0357A01A2A82BC1000035C5B /* SDWebImageSwiftUI */; };
		0357A01D2A82C05400035C5B /* LoginViewModel.swift in Sources */ = {isa = PBXBuildFile; fileRef = 0357A01C2A82C05400035C5B /* LoginViewModel.swift */; };
		0357A01F2A82C0AB00035C5B /* LoginModel.swift in Sources */ = {isa = PBXBuildFile; fileRef = 0357A01E2A82C0AB00035C5B /* LoginModel.swift */; };
		0357A0212A82C10500035C5B /* TabbarView.swift in Sources */ = {isa = PBXBuildFile; fileRef = 0357A0202A82C10500035C5B /* TabbarView.swift */; };
		0357A0232A82C13400035C5B /* NotificationView.swift in Sources */ = {isa = PBXBuildFile; fileRef = 0357A0222A82C13400035C5B /* NotificationView.swift */; };
		0357A0242A82C14800035C5B /* FeedView.swift in Sources */ = {isa = PBXBuildFile; fileRef = 0357A0042A82BA5C00035C5B /* FeedView.swift */; };
		0357A0252A82C14F00035C5B /* PostCell.swift in Sources */ = {isa = PBXBuildFile; fileRef = 0357A0052A82BA5C00035C5B /* PostCell.swift */; };
		0357A0262A82C15100035C5B /* ReelsView.swift in Sources */ = {isa = PBXBuildFile; fileRef = 0357A0032A82BA5C00035C5B /* ReelsView.swift */; };
		0357A0272A82C15A00035C5B /* ProfileModel.swift in Sources */ = {isa = PBXBuildFile; fileRef = 0357A00B2A82BA5C00035C5B /* ProfileModel.swift */; };
		0357A0282A82C15C00035C5B /* FeedModel.swift in Sources */ = {isa = PBXBuildFile; fileRef = 0357A00A2A82BA5C00035C5B /* FeedModel.swift */; };
		0357A0292A82C15F00035C5B /* MenuModel.swift in Sources */ = {isa = PBXBuildFile; fileRef = 0357A0092A82BA5C00035C5B /* MenuModel.swift */; };
		0357A02A2A82C16100035C5B /* CardsModel.swift in Sources */ = {isa = PBXBuildFile; fileRef = 0357A0082A82BA5C00035C5B /* CardsModel.swift */; };
		0357A02B2A82C16400035C5B /* SearchViewModel.swift in Sources */ = {isa = PBXBuildFile; fileRef = 0357A00E2A82BA5C00035C5B /* SearchViewModel.swift */; };
		0357A02C2A82C16600035C5B /* FeedViewModel.swift in Sources */ = {isa = PBXBuildFile; fileRef = 0357A00F2A82BA5C00035C5B /* FeedViewModel.swift */; };
		0357A02D2A82C16800035C5B /* ProfileViewModel.swift in Sources */ = {isa = PBXBuildFile; fileRef = 0357A0102A82BA5C00035C5B /* ProfileViewModel.swift */; };
		0357A02E2A82C18C00035C5B /* SearchView.swift in Sources */ = {isa = PBXBuildFile; fileRef = 03579FF92A82BA5C00035C5B /* SearchView.swift */; };
		0357A02F2A82C18E00035C5B /* ProfileView.swift in Sources */ = {isa = PBXBuildFile; fileRef = 03579FFA2A82BA5C00035C5B /* ProfileView.swift */; };
		0357A0302A82C19100035C5B /* EditProfileView.swift in Sources */ = {isa = PBXBuildFile; fileRef = 03579FF82A82BA5C00035C5B /* EditProfileView.swift */; };
		0357A0312A82C1A300035C5B /* Layout2.swift in Sources */ = {isa = PBXBuildFile; fileRef = 03579FFD2A82BA5C00035C5B /* Layout2.swift */; };
		0357A0322A82C1A600035C5B /* Layout3.swift in Sources */ = {isa = PBXBuildFile; fileRef = 03579FFE2A82BA5C00035C5B /* Layout3.swift */; };
		0357A0332A82C1A800035C5B /* Layout1.swift in Sources */ = {isa = PBXBuildFile; fileRef = 03579FFF2A82BA5C00035C5B /* Layout1.swift */; };
		0357A0372A82DCA600035C5B /* NotificationModel.swift in Sources */ = {isa = PBXBuildFile; fileRef = 0357A0362A82DCA600035C5B /* NotificationModel.swift */; };
		0357A0392A82DE7000035C5B /* NotificationContainerView.swift in Sources */ = {isa = PBXBuildFile; fileRef = 0357A0382A82DE7000035C5B /* NotificationContainerView.swift */; };
		0357A03D2A82DF3600035C5B /* MockData.swift in Sources */ = {isa = PBXBuildFile; fileRef = 0357A03C2A82DF3600035C5B /* MockData.swift */; };
		0357A03F2A832C8200035C5B /* MessageContainerView.swift in Sources */ = {isa = PBXBuildFile; fileRef = 0357A03E2A832C8200035C5B /* MessageContainerView.swift */; };
		03A78A342A66DDDA00C88418 /* AppDelegate.swift in Sources */ = {isa = PBXBuildFile; fileRef = 03A78A332A66DDDA00C88418 /* AppDelegate.swift */; };
		03A78A362A66DDDA00C88418 /* SceneDelegate.swift in Sources */ = {isa = PBXBuildFile; fileRef = 03A78A352A66DDDA00C88418 /* SceneDelegate.swift */; };
		03A78A382A66DDDA00C88418 /* ViewController.swift in Sources */ = {isa = PBXBuildFile; fileRef = 03A78A372A66DDDA00C88418 /* ViewController.swift */; };
		03A78A3B2A66DDDA00C88418 /* Main.storyboard in Resources */ = {isa = PBXBuildFile; fileRef = 03A78A392A66DDDA00C88418 /* Main.storyboard */; };
		03A78A3D2A66DDDC00C88418 /* Assets.xcassets in Resources */ = {isa = PBXBuildFile; fileRef = 03A78A3C2A66DDDC00C88418 /* Assets.xcassets */; };
		03A78A402A66DDDC00C88418 /* LaunchScreen.storyboard in Resources */ = {isa = PBXBuildFile; fileRef = 03A78A3E2A66DDDC00C88418 /* LaunchScreen.storyboard */; };
		03EC556A2A6852E800C6F4DB /* Signup.storyboard in Resources */ = {isa = PBXBuildFile; fileRef = 03EC55692A6852E800C6F4DB /* Signup.storyboard */; };
		03EC556C2A6852FC00C6F4DB /* SignIn.storyboard in Resources */ = {isa = PBXBuildFile; fileRef = 03EC556B2A6852FC00C6F4DB /* SignIn.storyboard */; };
		EE275C382A6D6B2C0098DAA6 /* itribez.png in Resources */ = {isa = PBXBuildFile; fileRef = EE275C372A6D6B2C0098DAA6 /* itribez.png */; };
/* End PBXBuildFile section */

/* Begin PBXFileReference section */
		03579FDD2A82B60200035C5B /* Persistence.swift */ = {isa = PBXFileReference; fileEncoding = 4; lastKnownFileType = sourcecode.swift; path = Persistence.swift; sourceTree = "<group>"; };
		03579FDE2A82B60200035C5B /* Itribez_iOSApp.swift */ = {isa = PBXFileReference; fileEncoding = 4; lastKnownFileType = sourcecode.swift; path = Itribez_iOSApp.swift; sourceTree = "<group>"; };
		03579FE82A82B7B500035C5B /* Itribez_iOS.xcdatamodel */ = {isa = PBXFileReference; lastKnownFileType = wrapper.xcdatamodel; path = Itribez_iOS.xcdatamodel; sourceTree = "<group>"; };
		03579FEB2A82BA2900035C5B /* Toast.swift */ = {isa = PBXFileReference; fileEncoding = 4; lastKnownFileType = sourcecode.swift; path = Toast.swift; sourceTree = "<group>"; };
		03579FEC2A82BA2900035C5B /* Userdata.json */ = {isa = PBXFileReference; fileEncoding = 4; lastKnownFileType = text.json; path = Userdata.json; sourceTree = "<group>"; };
		03579FED2A82BA2900035C5B /* String + Extension.swift */ = {isa = PBXFileReference; fileEncoding = 4; lastKnownFileType = sourcecode.swift; path = "String + Extension.swift"; sourceTree = "<group>"; };
		03579FEE2A82BA2900035C5B /* AsyncImage.swift */ = {isa = PBXFileReference; fileEncoding = 4; lastKnownFileType = sourcecode.swift; path = AsyncImage.swift; sourceTree = "<group>"; };
		03579FEF2A82BA2900035C5B /* Feed.json */ = {isa = PBXFileReference; fileEncoding = 4; lastKnownFileType = text.json; path = Feed.json; sourceTree = "<group>"; };
		03579FF02A82BA2900035C5B /* ThemeHelper.swift */ = {isa = PBXFileReference; fileEncoding = 4; lastKnownFileType = sourcecode.swift; path = ThemeHelper.swift; sourceTree = "<group>"; };
		03579FF82A82BA5C00035C5B /* EditProfileView.swift */ = {isa = PBXFileReference; lastKnownFileType = sourcecode.swift; path = EditProfileView.swift; sourceTree = "<group>"; };
		03579FF92A82BA5C00035C5B /* SearchView.swift */ = {isa = PBXFileReference; lastKnownFileType = sourcecode.swift; path = SearchView.swift; sourceTree = "<group>"; };
		03579FFA2A82BA5C00035C5B /* ProfileView.swift */ = {isa = PBXFileReference; lastKnownFileType = sourcecode.swift; path = ProfileView.swift; sourceTree = "<group>"; };
		03579FFD2A82BA5C00035C5B /* Layout2.swift */ = {isa = PBXFileReference; lastKnownFileType = sourcecode.swift; path = Layout2.swift; sourceTree = "<group>"; };
		03579FFE2A82BA5C00035C5B /* Layout3.swift */ = {isa = PBXFileReference; lastKnownFileType = sourcecode.swift; path = Layout3.swift; sourceTree = "<group>"; };
		03579FFF2A82BA5C00035C5B /* Layout1.swift */ = {isa = PBXFileReference; lastKnownFileType = sourcecode.swift; path = Layout1.swift; sourceTree = "<group>"; };
		0357A0032A82BA5C00035C5B /* ReelsView.swift */ = {isa = PBXFileReference; lastKnownFileType = sourcecode.swift; path = ReelsView.swift; sourceTree = "<group>"; };
		0357A0042A82BA5C00035C5B /* FeedView.swift */ = {isa = PBXFileReference; lastKnownFileType = sourcecode.swift; path = FeedView.swift; sourceTree = "<group>"; };
		0357A0052A82BA5C00035C5B /* PostCell.swift */ = {isa = PBXFileReference; lastKnownFileType = sourcecode.swift; path = PostCell.swift; sourceTree = "<group>"; };
		0357A0082A82BA5C00035C5B /* CardsModel.swift */ = {isa = PBXFileReference; lastKnownFileType = sourcecode.swift; path = CardsModel.swift; sourceTree = "<group>"; };
		0357A0092A82BA5C00035C5B /* MenuModel.swift */ = {isa = PBXFileReference; lastKnownFileType = sourcecode.swift; path = MenuModel.swift; sourceTree = "<group>"; };
		0357A00A2A82BA5C00035C5B /* FeedModel.swift */ = {isa = PBXFileReference; lastKnownFileType = sourcecode.swift; path = FeedModel.swift; sourceTree = "<group>"; };
		0357A00B2A82BA5C00035C5B /* ProfileModel.swift */ = {isa = PBXFileReference; lastKnownFileType = sourcecode.swift; path = ProfileModel.swift; sourceTree = "<group>"; };
		0357A00E2A82BA5C00035C5B /* SearchViewModel.swift */ = {isa = PBXFileReference; lastKnownFileType = sourcecode.swift; path = SearchViewModel.swift; sourceTree = "<group>"; };
		0357A00F2A82BA5C00035C5B /* FeedViewModel.swift */ = {isa = PBXFileReference; lastKnownFileType = sourcecode.swift; path = FeedViewModel.swift; sourceTree = "<group>"; };
		0357A0102A82BA5C00035C5B /* ProfileViewModel.swift */ = {isa = PBXFileReference; lastKnownFileType = sourcecode.swift; path = ProfileViewModel.swift; sourceTree = "<group>"; };
		0357A0122A82BB1900035C5B /* SplashView.swift */ = {isa = PBXFileReference; lastKnownFileType = sourcecode.swift; path = SplashView.swift; sourceTree = "<group>"; };
		0357A01C2A82C05400035C5B /* LoginViewModel.swift */ = {isa = PBXFileReference; lastKnownFileType = sourcecode.swift; path = LoginViewModel.swift; sourceTree = "<group>"; };
		0357A01E2A82C0AB00035C5B /* LoginModel.swift */ = {isa = PBXFileReference; lastKnownFileType = sourcecode.swift; path = LoginModel.swift; sourceTree = "<group>"; };
		0357A0202A82C10500035C5B /* TabbarView.swift */ = {isa = PBXFileReference; lastKnownFileType = sourcecode.swift; path = TabbarView.swift; sourceTree = "<group>"; };
		0357A0222A82C13400035C5B /* NotificationView.swift */ = {isa = PBXFileReference; lastKnownFileType = sourcecode.swift; path = NotificationView.swift; sourceTree = "<group>"; };
		0357A0362A82DCA600035C5B /* NotificationModel.swift */ = {isa = PBXFileReference; lastKnownFileType = sourcecode.swift; path = NotificationModel.swift; sourceTree = "<group>"; };
		0357A0382A82DE7000035C5B /* NotificationContainerView.swift */ = {isa = PBXFileReference; lastKnownFileType = sourcecode.swift; path = NotificationContainerView.swift; sourceTree = "<group>"; };
		0357A03C2A82DF3600035C5B /* MockData.swift */ = {isa = PBXFileReference; lastKnownFileType = sourcecode.swift; path = MockData.swift; sourceTree = "<group>"; };
		0357A03E2A832C8200035C5B /* MessageContainerView.swift */ = {isa = PBXFileReference; lastKnownFileType = sourcecode.swift; path = MessageContainerView.swift; sourceTree = "<group>"; };
		03A78A302A66DDDA00C88418 /* Itribez_iOS.app */ = {isa = PBXFileReference; explicitFileType = wrapper.application; includeInIndex = 0; path = Itribez_iOS.app; sourceTree = BUILT_PRODUCTS_DIR; };
		03A78A332A66DDDA00C88418 /* AppDelegate.swift */ = {isa = PBXFileReference; lastKnownFileType = sourcecode.swift; path = AppDelegate.swift; sourceTree = "<group>"; };
		03A78A352A66DDDA00C88418 /* SceneDelegate.swift */ = {isa = PBXFileReference; lastKnownFileType = sourcecode.swift; path = SceneDelegate.swift; sourceTree = "<group>"; };
		03A78A372A66DDDA00C88418 /* ViewController.swift */ = {isa = PBXFileReference; lastKnownFileType = sourcecode.swift; path = ViewController.swift; sourceTree = "<group>"; };
		03A78A3A2A66DDDA00C88418 /* Base */ = {isa = PBXFileReference; lastKnownFileType = file.storyboard; name = Base; path = Base.lproj/Main.storyboard; sourceTree = "<group>"; };
		03A78A3C2A66DDDC00C88418 /* Assets.xcassets */ = {isa = PBXFileReference; lastKnownFileType = folder.assetcatalog; path = Assets.xcassets; sourceTree = "<group>"; };
		03A78A3F2A66DDDC00C88418 /* Base */ = {isa = PBXFileReference; lastKnownFileType = file.storyboard; name = Base; path = Base.lproj/LaunchScreen.storyboard; sourceTree = "<group>"; };
		03A78A412A66DDDC00C88418 /* Info.plist */ = {isa = PBXFileReference; lastKnownFileType = text.plist.xml; path = Info.plist; sourceTree = "<group>"; };
		03EC55692A6852E800C6F4DB /* Signup.storyboard */ = {isa = PBXFileReference; lastKnownFileType = file.storyboard; path = Signup.storyboard; sourceTree = "<group>"; };
		03EC556B2A6852FC00C6F4DB /* SignIn.storyboard */ = {isa = PBXFileReference; lastKnownFileType = file.storyboard; path = SignIn.storyboard; sourceTree = "<group>"; };
		EE275C372A6D6B2C0098DAA6 /* itribez.png */ = {isa = PBXFileReference; lastKnownFileType = image.png; path = itribez.png; sourceTree = "<group>"; };
/* End PBXFileReference section */

/* Begin PBXFrameworksBuildPhase section */
		03A78A2D2A66DDDA00C88418 /* Frameworks */ = {
			isa = PBXFrameworksBuildPhase;
			buildActionMask = 2147483647;
			files = (
				0357A01B2A82BC1000035C5B /* SDWebImageSwiftUI in Frameworks */,
				0357A0182A82BBC700035C5B /* SDWebImage in Frameworks */,
			);
			runOnlyForDeploymentPostprocessing = 0;
		};
/* End PBXFrameworksBuildPhase section */

/* Begin PBXGroup section */
		03579FEA2A82BA1700035C5B /* Helper */ = {
			isa = PBXGroup;
			children = (
				03579FEE2A82BA2900035C5B /* AsyncImage.swift */,
				03579FEF2A82BA2900035C5B /* Feed.json */,
				03579FED2A82BA2900035C5B /* String + Extension.swift */,
				03579FF02A82BA2900035C5B /* ThemeHelper.swift */,
				03579FEB2A82BA2900035C5B /* Toast.swift */,
				03579FEC2A82BA2900035C5B /* Userdata.json */,
				0357A03C2A82DF3600035C5B /* MockData.swift */,
			);
			path = Helper;
			sourceTree = "<group>";
		};
		03579FF72A82BA5C00035C5B /* View */ = {
			isa = PBXGroup;
			children = (
				0357A0402A832C9400035C5B /* ContainerViews */,
				03579FF82A82BA5C00035C5B /* EditProfileView.swift */,
				03579FF92A82BA5C00035C5B /* SearchView.swift */,
				03579FFA2A82BA5C00035C5B /* ProfileView.swift */,
				03579FFC2A82BA5C00035C5B /* Compositional Layout */,
				0357A0032A82BA5C00035C5B /* ReelsView.swift */,
				0357A0042A82BA5C00035C5B /* FeedView.swift */,
				0357A0052A82BA5C00035C5B /* PostCell.swift */,
				0357A0122A82BB1900035C5B /* SplashView.swift */,
				0357A0202A82C10500035C5B /* TabbarView.swift */,
				0357A0222A82C13400035C5B /* NotificationView.swift */,
			);
			path = View;
			sourceTree = "<group>";
		};
		03579FFC2A82BA5C00035C5B /* Compositional Layout */ = {
			isa = PBXGroup;
			children = (
				03579FFD2A82BA5C00035C5B /* Layout2.swift */,
				03579FFE2A82BA5C00035C5B /* Layout3.swift */,
				03579FFF2A82BA5C00035C5B /* Layout1.swift */,
			);
			path = "Compositional Layout";
			sourceTree = "<group>";
		};
		0357A0062A82BA5C00035C5B /* Model */ = {
			isa = PBXGroup;
			children = (
				0357A0082A82BA5C00035C5B /* CardsModel.swift */,
				0357A0092A82BA5C00035C5B /* MenuModel.swift */,
				0357A00A2A82BA5C00035C5B /* FeedModel.swift */,
				0357A00B2A82BA5C00035C5B /* ProfileModel.swift */,
				0357A01E2A82C0AB00035C5B /* LoginModel.swift */,
				0357A0362A82DCA600035C5B /* NotificationModel.swift */,
			);
			path = Model;
			sourceTree = "<group>";
		};
		0357A00C2A82BA5C00035C5B /* ViewModel */ = {
			isa = PBXGroup;
			children = (
				0357A00E2A82BA5C00035C5B /* SearchViewModel.swift */,
				0357A00F2A82BA5C00035C5B /* FeedViewModel.swift */,
				0357A0102A82BA5C00035C5B /* ProfileViewModel.swift */,
				0357A01C2A82C05400035C5B /* LoginViewModel.swift */,
			);
			path = ViewModel;
			sourceTree = "<group>";
		};
		0357A0112A82BA6700035C5B /* MVVM */ = {
			isa = PBXGroup;
			children = (
				0357A0062A82BA5C00035C5B /* Model */,
				03579FF72A82BA5C00035C5B /* View */,
				0357A00C2A82BA5C00035C5B /* ViewModel */,
			);
			path = MVVM;
			sourceTree = "<group>";
		};
		0357A0402A832C9400035C5B /* ContainerViews */ = {
			isa = PBXGroup;
			children = (
				0357A0382A82DE7000035C5B /* NotificationContainerView.swift */,
				0357A03E2A832C8200035C5B /* MessageContainerView.swift */,
			);
			path = ContainerViews;
			sourceTree = "<group>";
		};
		03A78A272A66DDDA00C88418 = {
			isa = PBXGroup;
			children = (
				03A78A322A66DDDA00C88418 /* Itribez_iOS */,
				03A78A312A66DDDA00C88418 /* Products */,
			);
			sourceTree = "<group>";
		};
		03A78A312A66DDDA00C88418 /* Products */ = {
			isa = PBXGroup;
			children = (
				03A78A302A66DDDA00C88418 /* Itribez_iOS.app */,
			);
			name = Products;
			sourceTree = "<group>";
		};
		03A78A322A66DDDA00C88418 /* Itribez_iOS */ = {
			isa = PBXGroup;
			children = (
				0357A0112A82BA6700035C5B /* MVVM */,
				03579FEA2A82BA1700035C5B /* Helper */,
				03579FE72A82B7B500035C5B /* Itribez_iOS.xcdatamodeld */,
				03579FDE2A82B60200035C5B /* Itribez_iOSApp.swift */,
				03579FDD2A82B60200035C5B /* Persistence.swift */,
				03A78A332A66DDDA00C88418 /* AppDelegate.swift */,
				03A78A352A66DDDA00C88418 /* SceneDelegate.swift */,
				03A78A372A66DDDA00C88418 /* ViewController.swift */,
				03A78A392A66DDDA00C88418 /* Main.storyboard */,
				03A78A3C2A66DDDC00C88418 /* Assets.xcassets */,
				EE275C372A6D6B2C0098DAA6 /* itribez.png */,
				03A78A3E2A66DDDC00C88418 /* LaunchScreen.storyboard */,
				03A78A412A66DDDC00C88418 /* Info.plist */,
				03EC55692A6852E800C6F4DB /* Signup.storyboard */,
				03EC556B2A6852FC00C6F4DB /* SignIn.storyboard */,
			);
			path = Itribez_iOS;
			sourceTree = "<group>";
		};
/* End PBXGroup section */

/* Begin PBXNativeTarget section */
		03A78A2F2A66DDDA00C88418 /* Itribez_iOS */ = {
			isa = PBXNativeTarget;
			buildConfigurationList = 03A78A442A66DDDC00C88418 /* Build configuration list for PBXNativeTarget "Itribez_iOS" */;
			buildPhases = (
				03A78A2C2A66DDDA00C88418 /* Sources */,
				03A78A2D2A66DDDA00C88418 /* Frameworks */,
				03A78A2E2A66DDDA00C88418 /* Resources */,
			);
			buildRules = (
			);
			dependencies = (
			);
			name = Itribez_iOS;
			packageProductDependencies = (
				0357A0172A82BBC700035C5B /* SDWebImage */,
				0357A01A2A82BC1000035C5B /* SDWebImageSwiftUI */,
			);
			productName = Itribez_iOS;
			productReference = 03A78A302A66DDDA00C88418 /* Itribez_iOS.app */;
			productType = "com.apple.product-type.application";
		};
/* End PBXNativeTarget section */

/* Begin PBXProject section */
		03A78A282A66DDDA00C88418 /* Project object */ = {
			isa = PBXProject;
			attributes = {
				BuildIndependentTargetsInParallel = 1;
				LastSwiftUpdateCheck = 1420;
				LastUpgradeCheck = 1420;
				TargetAttributes = {
					03A78A2F2A66DDDA00C88418 = {
						CreatedOnToolsVersion = 14.2;
					};
				};
			};
			buildConfigurationList = 03A78A2B2A66DDDA00C88418 /* Build configuration list for PBXProject "Itribez_iOS" */;
			compatibilityVersion = "Xcode 14.0";
			developmentRegion = en;
			hasScannedForEncodings = 0;
			knownRegions = (
				en,
				Base,
			);
			mainGroup = 03A78A272A66DDDA00C88418;
			packageReferences = (
				0357A0162A82BBC700035C5B /* XCRemoteSwiftPackageReference "SDWebImage" */,
				0357A0192A82BC1000035C5B /* XCRemoteSwiftPackageReference "SDWebImageSwiftUI" */,
			);
			productRefGroup = 03A78A312A66DDDA00C88418 /* Products */;
			projectDirPath = "";
			projectRoot = "";
			targets = (
				03A78A2F2A66DDDA00C88418 /* Itribez_iOS */,
			);
		};
/* End PBXProject section */

/* Begin PBXResourcesBuildPhase section */
		03A78A2E2A66DDDA00C88418 /* Resources */ = {
			isa = PBXResourcesBuildPhase;
			buildActionMask = 2147483647;
			files = (
				03A78A402A66DDDC00C88418 /* LaunchScreen.storyboard in Resources */,
				EE275C382A6D6B2C0098DAA6 /* itribez.png in Resources */,
				03EC556C2A6852FC00C6F4DB /* SignIn.storyboard in Resources */,
				03A78A3D2A66DDDC00C88418 /* Assets.xcassets in Resources */,
				03EC556A2A6852E800C6F4DB /* Signup.storyboard in Resources */,
				03A78A3B2A66DDDA00C88418 /* Main.storyboard in Resources */,
				03579FF22A82BA2900035C5B /* Userdata.json in Resources */,
				03579FF52A82BA2900035C5B /* Feed.json in Resources */,
			);
			runOnlyForDeploymentPostprocessing = 0;
		};
/* End PBXResourcesBuildPhase section */

/* Begin PBXSourcesBuildPhase section */
		03A78A2C2A66DDDA00C88418 /* Sources */ = {
			isa = PBXSourcesBuildPhase;
			buildActionMask = 2147483647;
			files = (
				0357A02C2A82C16600035C5B /* FeedViewModel.swift in Sources */,
				0357A0392A82DE7000035C5B /* NotificationContainerView.swift in Sources */,
				03579FE32A82B60300035C5B /* Itribez_iOSApp.swift in Sources */,
				0357A01F2A82C0AB00035C5B /* LoginModel.swift in Sources */,
				0357A0132A82BB1900035C5B /* SplashView.swift in Sources */,
				0357A0232A82C13400035C5B /* NotificationView.swift in Sources */,
				0357A0282A82C15C00035C5B /* FeedModel.swift in Sources */,
				0357A0212A82C10500035C5B /* TabbarView.swift in Sources */,
				0357A0252A82C14F00035C5B /* PostCell.swift in Sources */,
				03579FF42A82BA2900035C5B /* AsyncImage.swift in Sources */,
				0357A0372A82DCA600035C5B /* NotificationModel.swift in Sources */,
				03A78A382A66DDDA00C88418 /* ViewController.swift in Sources */,
				0357A02D2A82C16800035C5B /* ProfileViewModel.swift in Sources */,
				03579FF62A82BA2900035C5B /* ThemeHelper.swift in Sources */,
				0357A0322A82C1A600035C5B /* Layout3.swift in Sources */,
				0357A0312A82C1A300035C5B /* Layout2.swift in Sources */,
				0357A02F2A82C18E00035C5B /* ProfileView.swift in Sources */,
				0357A02A2A82C16100035C5B /* CardsModel.swift in Sources */,
				0357A0302A82C19100035C5B /* EditProfileView.swift in Sources */,
				0357A03D2A82DF3600035C5B /* MockData.swift in Sources */,
				03579FF32A82BA2900035C5B /* String + Extension.swift in Sources */,
				03579FE22A82B60300035C5B /* Persistence.swift in Sources */,
				0357A0242A82C14800035C5B /* FeedView.swift in Sources */,
				0357A01D2A82C05400035C5B /* LoginViewModel.swift in Sources */,
				03579FE92A82B7B500035C5B /* Itribez_iOS.xcdatamodeld in Sources */,
				0357A0332A82C1A800035C5B /* Layout1.swift in Sources */,
				0357A02E2A82C18C00035C5B /* SearchView.swift in Sources */,
				0357A03F2A832C8200035C5B /* MessageContainerView.swift in Sources */,
				0357A0272A82C15A00035C5B /* ProfileModel.swift in Sources */,
				0357A02B2A82C16400035C5B /* SearchViewModel.swift in Sources */,
				0357A0262A82C15100035C5B /* ReelsView.swift in Sources */,
				0357A0292A82C15F00035C5B /* MenuModel.swift in Sources */,
				03A78A342A66DDDA00C88418 /* AppDelegate.swift in Sources */,
				03A78A362A66DDDA00C88418 /* SceneDelegate.swift in Sources */,
				03579FF12A82BA2900035C5B /* Toast.swift in Sources */,
			);
			runOnlyForDeploymentPostprocessing = 0;
		};
/* End PBXSourcesBuildPhase section */

/* Begin PBXVariantGroup section */
		03A78A392A66DDDA00C88418 /* Main.storyboard */ = {
			isa = PBXVariantGroup;
			children = (
				03A78A3A2A66DDDA00C88418 /* Base */,
			);
			name = Main.storyboard;
			sourceTree = "<group>";
		};
		03A78A3E2A66DDDC00C88418 /* LaunchScreen.storyboard */ = {
			isa = PBXVariantGroup;
			children = (
				03A78A3F2A66DDDC00C88418 /* Base */,
			);
			name = LaunchScreen.storyboard;
			sourceTree = "<group>";
		};
/* End PBXVariantGroup section */

/* Begin XCBuildConfiguration section */
		03A78A422A66DDDC00C88418 /* Debug */ = {
			isa = XCBuildConfiguration;
			buildSettings = {
				ALWAYS_SEARCH_USER_PATHS = NO;
				CLANG_ANALYZER_NONNULL = YES;
				CLANG_ANALYZER_NUMBER_OBJECT_CONVERSION = YES_AGGRESSIVE;
				CLANG_CXX_LANGUAGE_STANDARD = "gnu++20";
				CLANG_ENABLE_MODULES = YES;
				CLANG_ENABLE_OBJC_ARC = YES;
				CLANG_ENABLE_OBJC_WEAK = YES;
				CLANG_WARN_BLOCK_CAPTURE_AUTORELEASING = YES;
				CLANG_WARN_BOOL_CONVERSION = YES;
				CLANG_WARN_COMMA = YES;
				CLANG_WARN_CONSTANT_CONVERSION = YES;
				CLANG_WARN_DEPRECATED_OBJC_IMPLEMENTATIONS = YES;
				CLANG_WARN_DIRECT_OBJC_ISA_USAGE = YES_ERROR;
				CLANG_WARN_DOCUMENTATION_COMMENTS = YES;
				CLANG_WARN_EMPTY_BODY = YES;
				CLANG_WARN_ENUM_CONVERSION = YES;
				CLANG_WARN_INFINITE_RECURSION = YES;
				CLANG_WARN_INT_CONVERSION = YES;
				CLANG_WARN_NON_LITERAL_NULL_CONVERSION = YES;
				CLANG_WARN_OBJC_IMPLICIT_RETAIN_SELF = YES;
				CLANG_WARN_OBJC_LITERAL_CONVERSION = YES;
				CLANG_WARN_OBJC_ROOT_CLASS = YES_ERROR;
				CLANG_WARN_QUOTED_INCLUDE_IN_FRAMEWORK_HEADER = YES;
				CLANG_WARN_RANGE_LOOP_ANALYSIS = YES;
				CLANG_WARN_STRICT_PROTOTYPES = YES;
				CLANG_WARN_SUSPICIOUS_MOVE = YES;
				CLANG_WARN_UNGUARDED_AVAILABILITY = YES_AGGRESSIVE;
				CLANG_WARN_UNREACHABLE_CODE = YES;
				CLANG_WARN__DUPLICATE_METHOD_MATCH = YES;
				COPY_PHASE_STRIP = NO;
				DEBUG_INFORMATION_FORMAT = dwarf;
				ENABLE_STRICT_OBJC_MSGSEND = YES;
				ENABLE_TESTABILITY = YES;
				GCC_C_LANGUAGE_STANDARD = gnu11;
				GCC_DYNAMIC_NO_PIC = NO;
				GCC_NO_COMMON_BLOCKS = YES;
				GCC_OPTIMIZATION_LEVEL = 0;
				GCC_PREPROCESSOR_DEFINITIONS = (
					"DEBUG=1",
					"$(inherited)",
				);
				GCC_WARN_64_TO_32_BIT_CONVERSION = YES;
				GCC_WARN_ABOUT_RETURN_TYPE = YES_ERROR;
				GCC_WARN_UNDECLARED_SELECTOR = YES;
				GCC_WARN_UNINITIALIZED_AUTOS = YES_AGGRESSIVE;
				GCC_WARN_UNUSED_FUNCTION = YES;
				GCC_WARN_UNUSED_VARIABLE = YES;
				IPHONEOS_DEPLOYMENT_TARGET = 16.2;
				MTL_ENABLE_DEBUG_INFO = INCLUDE_SOURCE;
				MTL_FAST_MATH = YES;
				ONLY_ACTIVE_ARCH = YES;
				SDKROOT = iphoneos;
				SWIFT_ACTIVE_COMPILATION_CONDITIONS = DEBUG;
				SWIFT_OPTIMIZATION_LEVEL = "-Onone";
			};
			name = Debug;
		};
		03A78A432A66DDDC00C88418 /* Release */ = {
			isa = XCBuildConfiguration;
			buildSettings = {
				ALWAYS_SEARCH_USER_PATHS = NO;
				CLANG_ANALYZER_NONNULL = YES;
				CLANG_ANALYZER_NUMBER_OBJECT_CONVERSION = YES_AGGRESSIVE;
				CLANG_CXX_LANGUAGE_STANDARD = "gnu++20";
				CLANG_ENABLE_MODULES = YES;
				CLANG_ENABLE_OBJC_ARC = YES;
				CLANG_ENABLE_OBJC_WEAK = YES;
				CLANG_WARN_BLOCK_CAPTURE_AUTORELEASING = YES;
				CLANG_WARN_BOOL_CONVERSION = YES;
				CLANG_WARN_COMMA = YES;
				CLANG_WARN_CONSTANT_CONVERSION = YES;
				CLANG_WARN_DEPRECATED_OBJC_IMPLEMENTATIONS = YES;
				CLANG_WARN_DIRECT_OBJC_ISA_USAGE = YES_ERROR;
				CLANG_WARN_DOCUMENTATION_COMMENTS = YES;
				CLANG_WARN_EMPTY_BODY = YES;
				CLANG_WARN_ENUM_CONVERSION = YES;
				CLANG_WARN_INFINITE_RECURSION = YES;
				CLANG_WARN_INT_CONVERSION = YES;
				CLANG_WARN_NON_LITERAL_NULL_CONVERSION = YES;
				CLANG_WARN_OBJC_IMPLICIT_RETAIN_SELF = YES;
				CLANG_WARN_OBJC_LITERAL_CONVERSION = YES;
				CLANG_WARN_OBJC_ROOT_CLASS = YES_ERROR;
				CLANG_WARN_QUOTED_INCLUDE_IN_FRAMEWORK_HEADER = YES;
				CLANG_WARN_RANGE_LOOP_ANALYSIS = YES;
				CLANG_WARN_STRICT_PROTOTYPES = YES;
				CLANG_WARN_SUSPICIOUS_MOVE = YES;
				CLANG_WARN_UNGUARDED_AVAILABILITY = YES_AGGRESSIVE;
				CLANG_WARN_UNREACHABLE_CODE = YES;
				CLANG_WARN__DUPLICATE_METHOD_MATCH = YES;
				COPY_PHASE_STRIP = NO;
				DEBUG_INFORMATION_FORMAT = "dwarf-with-dsym";
				ENABLE_NS_ASSERTIONS = NO;
				ENABLE_STRICT_OBJC_MSGSEND = YES;
				GCC_C_LANGUAGE_STANDARD = gnu11;
				GCC_NO_COMMON_BLOCKS = YES;
				GCC_WARN_64_TO_32_BIT_CONVERSION = YES;
				GCC_WARN_ABOUT_RETURN_TYPE = YES_ERROR;
				GCC_WARN_UNDECLARED_SELECTOR = YES;
				GCC_WARN_UNINITIALIZED_AUTOS = YES_AGGRESSIVE;
				GCC_WARN_UNUSED_FUNCTION = YES;
				GCC_WARN_UNUSED_VARIABLE = YES;
				IPHONEOS_DEPLOYMENT_TARGET = 16.2;
				MTL_ENABLE_DEBUG_INFO = NO;
				MTL_FAST_MATH = YES;
				SDKROOT = iphoneos;
				SWIFT_COMPILATION_MODE = wholemodule;
				SWIFT_OPTIMIZATION_LEVEL = "-O";
				VALIDATE_PRODUCT = YES;
			};
			name = Release;
		};
		03A78A452A66DDDC00C88418 /* Debug */ = {
			isa = XCBuildConfiguration;
			buildSettings = {
				ASSETCATALOG_COMPILER_APPICON_NAME = AppIcon;
				ASSETCATALOG_COMPILER_GLOBAL_ACCENT_COLOR_NAME = AccentColor;
				CODE_SIGN_STYLE = Automatic;
				CURRENT_PROJECT_VERSION = 1;
				DEVELOPMENT_TEAM = QWU3Y5ZGR2;
				GENERATE_INFOPLIST_FILE = YES;
				INFOPLIST_FILE = Itribez_iOS/Info.plist;
				INFOPLIST_KEY_UIApplicationSupportsIndirectInputEvents = YES;
				INFOPLIST_KEY_UILaunchStoryboardName = LaunchScreen;
				INFOPLIST_KEY_UIMainStoryboardFile = Main;
				INFOPLIST_KEY_UISupportedInterfaceOrientations_iPad = "UIInterfaceOrientationPortrait UIInterfaceOrientationPortraitUpsideDown UIInterfaceOrientationLandscapeLeft UIInterfaceOrientationLandscapeRight";
				INFOPLIST_KEY_UISupportedInterfaceOrientations_iPhone = "UIInterfaceOrientationPortrait UIInterfaceOrientationLandscapeLeft UIInterfaceOrientationLandscapeRight";
				LD_RUNPATH_SEARCH_PATHS = (
					"$(inherited)",
					"@executable_path/Frameworks",
				);
				MARKETING_VERSION = 1.0;
				PRODUCT_BUNDLE_IDENTIFIER = "com.georgiancollege.Itribez-iOS";
				PRODUCT_NAME = "$(TARGET_NAME)";
				SWIFT_EMIT_LOC_STRINGS = YES;
				SWIFT_VERSION = 5.0;
				TARGETED_DEVICE_FAMILY = "1,2";
			};
			name = Debug;
		};
		03A78A462A66DDDC00C88418 /* Release */ = {
			isa = XCBuildConfiguration;
			buildSettings = {
				ASSETCATALOG_COMPILER_APPICON_NAME = AppIcon;
				ASSETCATALOG_COMPILER_GLOBAL_ACCENT_COLOR_NAME = AccentColor;
				CODE_SIGN_STYLE = Automatic;
				CURRENT_PROJECT_VERSION = 1;
				DEVELOPMENT_TEAM = QWU3Y5ZGR2;
				GENERATE_INFOPLIST_FILE = YES;
				INFOPLIST_FILE = Itribez_iOS/Info.plist;
				INFOPLIST_KEY_UIApplicationSupportsIndirectInputEvents = YES;
				INFOPLIST_KEY_UILaunchStoryboardName = LaunchScreen;
				INFOPLIST_KEY_UIMainStoryboardFile = Main;
				INFOPLIST_KEY_UISupportedInterfaceOrientations_iPad = "UIInterfaceOrientationPortrait UIInterfaceOrientationPortraitUpsideDown UIInterfaceOrientationLandscapeLeft UIInterfaceOrientationLandscapeRight";
				INFOPLIST_KEY_UISupportedInterfaceOrientations_iPhone = "UIInterfaceOrientationPortrait UIInterfaceOrientationLandscapeLeft UIInterfaceOrientationLandscapeRight";
				LD_RUNPATH_SEARCH_PATHS = (
					"$(inherited)",
					"@executable_path/Frameworks",
				);
				MARKETING_VERSION = 1.0;
				PRODUCT_BUNDLE_IDENTIFIER = "com.georgiancollege.Itribez-iOS";
				PRODUCT_NAME = "$(TARGET_NAME)";
				SWIFT_EMIT_LOC_STRINGS = YES;
				SWIFT_VERSION = 5.0;
				TARGETED_DEVICE_FAMILY = "1,2";
			};
			name = Release;
		};
/* End XCBuildConfiguration section */

/* Begin XCConfigurationList section */
		03A78A2B2A66DDDA00C88418 /* Build configuration list for PBXProject "Itribez_iOS" */ = {
			isa = XCConfigurationList;
			buildConfigurations = (
				03A78A422A66DDDC00C88418 /* Debug */,
				03A78A432A66DDDC00C88418 /* Release */,
			);
			defaultConfigurationIsVisible = 0;
			defaultConfigurationName = Release;
		};
		03A78A442A66DDDC00C88418 /* Build configuration list for PBXNativeTarget "Itribez_iOS" */ = {
			isa = XCConfigurationList;
			buildConfigurations = (
				03A78A452A66DDDC00C88418 /* Debug */,
				03A78A462A66DDDC00C88418 /* Release */,
			);
			defaultConfigurationIsVisible = 0;
			defaultConfigurationName = Release;
		};
/* End XCConfigurationList section */

/* Begin XCRemoteSwiftPackageReference section */
		0357A0162A82BBC700035C5B /* XCRemoteSwiftPackageReference "SDWebImage" */ = {
			isa = XCRemoteSwiftPackageReference;
			repositoryURL = "https://github.com/SDWebImage/SDWebImage.git";
			requirement = {
				kind = upToNextMajorVersion;
				minimumVersion = 5.0.0;
			};
		};
		0357A0192A82BC1000035C5B /* XCRemoteSwiftPackageReference "SDWebImageSwiftUI" */ = {
			isa = XCRemoteSwiftPackageReference;
			repositoryURL = "https://github.com/SDWebImage/SDWebImageSwiftUI.git";
			requirement = {
				kind = upToNextMajorVersion;
				minimumVersion = 2.0.0;
			};
		};
/* End XCRemoteSwiftPackageReference section */

/* Begin XCSwiftPackageProductDependency section */
		0357A0172A82BBC700035C5B /* SDWebImage */ = {
			isa = XCSwiftPackageProductDependency;
			package = 0357A0162A82BBC700035C5B /* XCRemoteSwiftPackageReference "SDWebImage" */;
			productName = SDWebImage;
		};
		0357A01A2A82BC1000035C5B /* SDWebImageSwiftUI */ = {
			isa = XCSwiftPackageProductDependency;
			package = 0357A0192A82BC1000035C5B /* XCRemoteSwiftPackageReference "SDWebImageSwiftUI" */;
			productName = SDWebImageSwiftUI;
		};
/* End XCSwiftPackageProductDependency section */

/* Begin XCVersionGroup section */
		03579FE72A82B7B500035C5B /* Itribez_iOS.xcdatamodeld */ = {
			isa = XCVersionGroup;
			children = (
				03579FE82A82B7B500035C5B /* Itribez_iOS.xcdatamodel */,
			);
			currentVersion = 03579FE82A82B7B500035C5B /* Itribez_iOS.xcdatamodel */;
			path = Itribez_iOS.xcdatamodeld;
			sourceTree = "<group>";
			versionGroupType = wrapper.xcdatamodel;
		};
/* End XCVersionGroup section */
	};
	rootObject = 03A78A282A66DDDA00C88418 /* Project object */;
}
